PODS:
  - Alamofire (5.10.2)
  - anim (1.2.10)
  - CHTCollectionViewWaterfallLayout (0.9.10):
    - CHTCollectionViewWaterfallLayout/Swift (= 0.9.10)
  - CHTCollectionViewWaterfallLayout/Swift (0.9.10)
  - FaveButton (3.2.1)
  - FSPagerView (0.8.3)
  - GDPerformanceView-Swift (2.1.1)
  - Hero (1.6.4)
  - HGRippleRadarView (0.1.2)
  - Hue (5.0.0)
  - IGListDiffKit (5.1.0)
  - IGListKit (5.1.0):
    - IGListDiffKit (= 5.1.0)
  - Kingfisher (8.6.2)
  - LicensePlist (3.24.11)
  - PocketSVG (2.7.3)
  - Siren (6.1.3)
  - SnapKit (5.7.1)
  - SwifterSwift (7.0.0):
    - SwifterSwift/AppKit (= 7.0.0)
    - SwifterSwift/CoreAnimation (= 7.0.0)
    - SwifterSwift/CoreGraphics (= 7.0.0)
    - SwifterSwift/CoreLocation (= 7.0.0)
    - SwifterSwift/CryptoKit (= 7.0.0)
    - SwifterSwift/Dispatch (= 7.0.0)
    - SwifterSwift/Foundation (= 7.0.0)
    - SwifterSwift/HealthKit (= 7.0.0)
    - SwifterSwift/MapKit (= 7.0.0)
    - SwifterSwift/SceneKit (= 7.0.0)
    - SwifterSwift/SpriteKit (= 7.0.0)
    - SwifterSwift/StoreKit (= 7.0.0)
    - SwifterSwift/SwiftStdlib (= 7.0.0)
    - SwifterSwift/UIKit (= 7.0.0)
    - SwifterSwift/WebKit (= 7.0.0)
  - SwifterSwift/AppKit (7.0.0)
  - SwifterSwift/CoreAnimation (7.0.0)
  - SwifterSwift/CoreGraphics (7.0.0)
  - SwifterSwift/CoreLocation (7.0.0)
  - SwifterSwift/CryptoKit (7.0.0)
  - SwifterSwift/Dispatch (7.0.0)
  - SwifterSwift/Foundation (7.0.0)
  - SwifterSwift/HealthKit (7.0.0)
  - SwifterSwift/MapKit (7.0.0)
  - SwifterSwift/SceneKit (7.0.0)
  - SwifterSwift/SpriteKit (7.0.0)
  - SwifterSwift/StoreKit (7.0.0)
  - SwifterSwift/SwiftStdlib (7.0.0)
  - SwifterSwift/UIKit (7.0.0)
  - SwifterSwift/WebKit (7.0.0)
  - SwiftMessages (10.0.2):
    - SwiftMessages/App (= 10.0.2)
  - SwiftMessages/App (10.0.2)
  - SwiftyJSON (5.0.2)
  - ViewAnimator (3.1.0)

DEPENDENCIES:
  - Alamofire
  - anim (~> 1.2.10)
  - CHTCollectionViewWaterfallLayout (~> 0.9.10)
  - FaveButton (~> 3.2.1)
  - FSPagerView
  - GDPerformanceView-Swift (~> 2.1.1)
  - Hero (~> 1.6.3)
  - HGRippleRadarView (~> 0.1.2)
  - Hue (~> 5.0.0)
  - IGListKit
  - Kingfisher
  - LicensePlist (~> 3.24.5)
  - PocketSVG (~> 2.7.3)
  - Siren
  - SnapKit
  - SwifterSwift (~> 7.0.0)
  - SwiftMessages (~> 10.0.1)
  - SwiftyJSON (~> 5.0.2)
  - ViewAnimator (~> 3.1.0)

SPEC REPOS:
  trunk:
    - Alamofire
    - anim
    - CHTCollectionViewWaterfallLayout
    - FaveButton
    - FSPagerView
    - GDPerformanceView-Swift
    - Hero
    - HGRippleRadarView
    - Hue
    - IGListDiffKit
    - IGListKit
    - Kingfisher
    - LicensePlist
    - PocketSVG
    - Siren
    - SnapKit
    - SwifterSwift
    - SwiftMessages
    - SwiftyJSON
    - ViewAnimator

SPEC CHECKSUMS:
  Alamofire: 7193b3b92c74a07f85569e1a6c4f4237291e7496
  anim: 8603b8aa9f20c26fb04bfc94967f0e942687938d
  CHTCollectionViewWaterfallLayout: b989a459788d7657ac010e03bc0f7eedca95a420
  FaveButton: 93cfebf6030336fa7653fad2068c3152ed668b39
  FSPagerView: 670405b2f18e2a87fa37f20b00de783e562c25a8
  GDPerformanceView-Swift: 22d964fe40b19e3d914dba2586237d064de8fd77
  Hero: 473a0143017e1371d050fcbedb67d317925097f2
  HGRippleRadarView: 5379e27634c09222ebc836671c7425ad7b257cc4
  Hue: c129cb67be7d093a82bbbc30ce8a96757bf6f37a
  IGListDiffKit: f3e9bb6b993a6127a25234e1713fbf32f26a6c63
  IGListKit: d753b3d4df9edb381af491109d11a1084fad5f67
  Kingfisher: 23d18f54677d973b713e54ce6a8f5eef6e7056ba
  LicensePlist: e8b5c7b30a914b92b83ffd78ded5af057621ba64
  PocketSVG: ca3bc53ea8d68336ba830c47b2e547790507b901
  Siren: c0f6012f61196b73455202db07730f6454a4beb0
  SnapKit: d612e99e678a2d3b95bf60b0705ed0a35c03484a
  SwifterSwift: e9caf990fc72e835432280755d1f4c43f2a483d5
  SwiftMessages: bfefe945bc05ce7cd328303d53d0d1849e29109d
  SwiftyJSON: f5b1bf1cd8dd53cd25887ac0eabcfd92301c6a5a
  ViewAnimator: a9ceed80266e00fd435ec4fb99b2df64d580d0e4

PODFILE CHECKSUM: dd5c8180a363cea2a375b65e848464a29661d1c6

COCOAPODS: 1.16.2
