PODS:
  - Alamofire (5.10.1)
  - Hue (5.0.0)
  - Kingfisher (8.1.1)
  - SwifterSwift (7.0.0):
    - SwifterSwift/AppKit (= 7.0.0)
    - SwifterSwift/CoreAnimation (= 7.0.0)
    - SwifterSwift/CoreGraphics (= 7.0.0)
    - SwifterSwift/CoreLocation (= 7.0.0)
    - SwifterSwift/CryptoKit (= 7.0.0)
    - SwifterSwift/Dispatch (= 7.0.0)
    - SwifterSwift/Foundation (= 7.0.0)
    - SwifterSwift/HealthKit (= 7.0.0)
    - SwifterSwift/MapKit (= 7.0.0)
    - SwifterSwift/SceneKit (= 7.0.0)
    - SwifterSwift/SpriteKit (= 7.0.0)
    - SwifterSwift/StoreKit (= 7.0.0)
    - SwifterSwift/SwiftStdlib (= 7.0.0)
    - SwifterSwift/UIKit (= 7.0.0)
    - SwifterSwift/WebKit (= 7.0.0)
  - SwifterSwift/AppKit (7.0.0)
  - SwifterSwift/CoreAnimation (7.0.0)
  - SwifterSwift/CoreGraphics (7.0.0)
  - SwifterSwift/CoreLocation (7.0.0)
  - SwifterSwift/CryptoKit (7.0.0)
  - SwifterSwift/Dispatch (7.0.0)
  - SwifterSwift/Foundation (7.0.0)
  - SwifterSwift/HealthKit (7.0.0)
  - SwifterSwift/MapKit (7.0.0)
  - SwifterSwift/SceneKit (7.0.0)
  - SwifterSwift/SpriteKit (7.0.0)
  - SwifterSwift/StoreKit (7.0.0)
  - SwifterSwift/SwiftStdlib (7.0.0)
  - SwifterSwift/UIKit (7.0.0)
  - SwifterSwift/WebKit (7.0.0)
  - SwiftMessages (10.0.1):
    - SwiftMessages/App (= 10.0.1)
  - SwiftMessages/App (10.0.1)
  - SwiftyJSON (5.0.2)

DEPENDENCIES:
  - Alamofire (~> 5.10.1)
  - Hue (~> 5.0.0)
  - Kingfisher (~> 8.1.1)
  - SwifterSwift (~> 7.0.0)
  - SwiftMessages (~> 10.0.1)
  - SwiftyJSON (~> 5.0.2)

SPEC REPOS:
  trunk:
    - Alamofire
    - Hue
    - Kingfisher
    - SwifterSwift
    - SwiftMessages
    - SwiftyJSON

SPEC CHECKSUMS:
  Alamofire: 840d2a1ad82355b536ec6ba5f97e5bfa54600ca3
  Hue: c129cb67be7d093a82bbbc30ce8a96757bf6f37a
  Kingfisher: fc2788e497306f97fdef6e4df49f02106cb57788
  SwifterSwift: e9caf990fc72e835432280755d1f4c43f2a483d5
  SwiftMessages: 759b4a0bf5c3a116a0d7e8a34b098ba83c458625
  SwiftyJSON: f5b1bf1cd8dd53cd25887ac0eabcfd92301c6a5a

PODFILE CHECKSUM: b4bd12251388ce7558989b2c16b560ec1c385012

COCOAPODS: 1.16.2
